PODS:
  - Alamofire (5.6.1)
  - DNSPageView (1.0.1)
  - ESTabBarController-swift (2.8.0)
  - FSPagerView (0.8.3)
  - HandyJSON (5.0.4-beta)
  - JXMarqueeView (0.0.9)
  - Kingfisher (7.3.0)
  - LTScrollView (0.4.4):
    - LTScrollView/LTFollowMove (= 0.4.4)
    - LTScrollView/LTLoopsPlay (= 0.4.4)
  - LTScrollView/LTFollowMove (0.4.4)
  - LTScrollView/LTLoopsPlay (0.4.4)
  - MJRefresh (3.1.15.3)
  - Moya (15.0.0):
    - Moya/Core (= 15.0.0)
  - Moya/Core (15.0.0):
    - Alamofire (~> 5.0)
  - SnapKit (5.6.0)
  - StreamingKit (0.1.30)
  - SVProgressHUD (2.2.5)
  - SwiftMessages (4.1.4):
    - SwiftMessages/App (= 4.1.4)
  - SwiftMessages/App (4.1.4)
  - SwiftyJSON (5.0.1)

DEPENDENCIES:
  - DNSPageView (= 1.0.1)
  - ESTabBarController-swift
  - FSPagerView (~> 0.8.3)
  - HandyJSON (~> 5.0.4-beta)
  - JXMarqueeView
  - Kingfisher
  - LTScrollView
  - MJRefresh (= 3.1.15.3)
  - Moya (~> 15.0.0)
  - SnapKit (~> 5.6.0)
  - StreamingKit
  - SVProgressHUD
  - SwiftMessages (= 4.1.4)
  - SwiftyJSON

SPEC REPOS:
  trunk:
    - Alamofire
    - DNSPageView
    - ESTabBarController-swift
    - FSPagerView
    - HandyJSON
    - JXMarqueeView
    - Kingfisher
    - LTScrollView
    - MJRefresh
    - Moya
    - SnapKit
    - StreamingKit
    - SVProgressHUD
    - SwiftMessages
    - SwiftyJSON

SPEC CHECKSUMS:
  Alamofire: 87bd8c952f9a4454320fce00d9cc3de57bcadaf5
  DNSPageView: 93b0f9c9ab0e2f8c1d9aa5b0d44740bd2d775d78
  ESTabBarController-swift: 05593a6ad64700b03c0eb60ff625916370aa4136
  FSPagerView: 670405b2f18e2a87fa37f20b00de783e562c25a8
  HandyJSON: a9c67202df97805a0ba4a00e30b50e9a30ac28f3
  JXMarqueeView: 0058108f80f149b25ff3bc3705c1af348fe7be8f
  Kingfisher: cdb1189a9223b1bc028816bd47c8b8101a58831c
  LTScrollView: 6c49aa1353570f782f60b4fb4cfa1c9c6034c72f
  MJRefresh: b48380ae2b927b46c4ef000de9adb8dc748e1df7
  Moya: 138f0573e53411fb3dc17016add0b748dfbd78ee
  SnapKit: e01d52ebb8ddbc333eefe2132acf85c8227d9c25
  StreamingKit: 70ca8608c206864b4d54a577eacb3c8bf7c72209
  SVProgressHUD: 1428aafac632c1f86f62aa4243ec12008d7a51d6
  SwiftMessages: 2c33fdee8b8f38dfc7e1036684456b505891da8c
  SwiftyJSON: 2f33a42c6fbc52764d96f13368585094bfd8aa5e

PODFILE CHECKSUM: 9648666078ab8e49e9779147f28e774ecde4486b

COCOAPODS: 1.11.3
